
Microsoft Visual Studio Solution File, Format Version 12.00
# Visual Studio Version 17
VisualStudioVersion = 17.14.37111.16
MinimumVisualStudioVersion = 10.0.40219.1
Project("{2150E333-8FDC-42A3-9474-1A3956D46DE8}") = "API", "API", "{02EA681E-C7D8-13C7-8484-4AC65E1B71E8}"
EndProject
Project("{2150E333-8FDC-42A3-9474-1A3956D46DE8}") = "BuildingBlocks", "BuildingBlocks", "{60AE4CD5-030A-4D08-912A-FFF67D3C3BD9}"
EndProject
Project("{2150E333-8FDC-42A3-9474-1A3956D46DE8}") = "Database", "Database", "{1D7BCB32-45E3-48C3-B85E-9D31DE28689F}"
EndProject
Project("{2150E333-8FDC-42A3-9474-1A3956D46DE8}") = "Modules", "Modules", "{4AA903EE-F8B1-458A-938D-421D947BD211}"
EndProject
Project("{2150E333-8FDC-42A3-9474-1A3956D46DE8}") = "Tests", "Tests", "{7EA68829-2C18-4731-AAAB-9350DAD1F0B3}"
EndProject
Project("{FAE04EC0-301F-11D3-BF4B-00C04F79EFBC}") = "Momentum.API", "API\Momentum.API\Momentum.API.csproj", "{F034C09E-4458-4CA3-A136-09F7128AD784}"
EndProject
Project("{FAE04EC0-301F-11D3-BF4B-00C04F79EFBC}") = "Momentum.BuildingBlocks.Application", "BuildingBlocks\Momentum.BuildingBlocks.Application\Momentum.BuildingBlocks.Application.csproj", "{A94D8CD8-801A-41D8-9CAC-E89A5F1810D2}"
EndProject
Project("{FAE04EC0-301F-11D3-BF4B-00C04F79EFBC}") = "Momentum.BuildingBlocks.Domain", "BuildingBlocks\Momentum.BuildingBlocks.Domain\Momentum.BuildingBlocks.Domain.csproj", "{F0F0852E-04D5-47F7-8A1F-DEFE9B8B69CB}"
EndProject
Project("{FAE04EC0-301F-11D3-BF4B-00C04F79EFBC}") = "Momentum.BuildingBlocks.Infrastructure", "BuildingBlocks\Momentum.BuildingBlocks.Infrastructure\Momentum.BuildingBlocks.Infrastructure.csproj", "{CD2E2091-8DA6-433A-A96F-B2BC62E2234A}"
EndProject
Project("{2150E333-8FDC-42A3-9474-1A3956D46DE8}") = "Habits", "Habits", "{0FDBCAF5-43F4-45EF-A06E-2A1ADB7E9860}"
EndProject
Project("{2150E333-8FDC-42A3-9474-1A3956D46DE8}") = "Tracking", "Tracking", "{35FD241F-BACA-483D-9AB2-9EAC5A1A1C07}"
EndProject
Project("{2150E333-8FDC-42A3-9474-1A3956D46DE8}") = "Analytics", "Analytics", "{D267B4CE-F33A-42FD-9158-EBF34069866D}"
EndProject
Project("{2150E333-8FDC-42A3-9474-1A3956D46DE8}") = "Reminders", "Reminders", "{2C4BCDED-3494-4031-ADB4-87ABF849637F}"
EndProject
Project("{2150E333-8FDC-42A3-9474-1A3956D46DE8}") = "UserAccess", "UserAccess", "{252F4B2E-172F-4430-ADA8-DF827213DEC9}"
EndProject
Project("{2150E333-8FDC-42A3-9474-1A3956D46DE8}") = "Profiles", "Profiles", "{3AD137B3-F21F-4DEF-A577-B9A3D6B67C51}"
EndProject
Project("{2150E333-8FDC-42A3-9474-1A3956D46DE8}") = "Subscriptions", "Subscriptions", "{4048AFB7-17A4-429A-926B-4882EB348D77}"
EndProject
Project("{2150E333-8FDC-42A3-9474-1A3956D46DE8}") = "Integrations", "Integrations", "{7091596A-2801-4966-BC5C-4875AB293903}"
EndProject
Project("{2150E333-8FDC-42A3-9474-1A3956D46DE8}") = "Administration", "Administration", "{2CCDA27B-71FD-42D5-B03A-7314AA1D504E}"
EndProject
Project("{2150E333-8FDC-42A3-9474-1A3956D46DE8}") = "Tests", "Tests", "{3A6BFD52-0CBF-4232-9652-CED7E82A8FB3}"
EndProject
Project("{FAE04EC0-301F-11D3-BF4B-00C04F79EFBC}") = "Momentum.BuildingBlocks.Tests", "BuildingBlocks\Tests\Momentum.BuildingBlocks.Tests\Momentum.BuildingBlocks.Tests.csproj", "{16EF69B8-15A8-4917-A250-800465E01EB1}"
EndProject
Project("{FAE04EC0-301F-11D3-BF4B-00C04F79EFBC}") = "Momentum.Modules.UserAccess.Domain", "Modules\UserAccess\Momentum.Modules.UserAccess.Domain\Momentum.Modules.UserAccess.Domain.csproj", "{D8DAD9E4-0912-4E1C-B7F0-D3CA3AFC5383}"
EndProject
Project("{FAE04EC0-301F-11D3-BF4B-00C04F79EFBC}") = "Momentum.Modules.UserAccess.Application", "Modules\UserAccess\Momentum.Modules.UserAccess.Application\Momentum.Modules.UserAccess.Application.csproj", "{A198B097-B92B-40B9-AAF9-5388365D394D}"
EndProject
Project("{FAE04EC0-301F-11D3-BF4B-00C04F79EFBC}") = "Momentum.Modules.UserAccess.Infrastructure", "Modules\UserAccess\Momentum.Modules.UserAccess.Infrastructure\Momentum.Modules.UserAccess.Infrastructure.csproj", "{6BC93671-4278-4E9E-A512-BE1A9325E977}"
EndProject
Project("{FAE04EC0-301F-11D3-BF4B-00C04F79EFBC}") = "Momentum.Modules.UserAccess.IntegrationEvents", "Modules\UserAccess\Momentum.Modules.UserAccess.IntegrationEvents\Momentum.Modules.UserAccess.IntegrationEvents.csproj", "{7296CF90-3F05-4728-AF72-362CB01CC061}"
EndProject
Project("{2150E333-8FDC-42A3-9474-1A3956D46DE8}") = "Registrations", "Registrations", "{D7D3DF9B-E2A8-4A8B-BB05-6D05A5380E8B}"
EndProject
Project("{FAE04EC0-301F-11D3-BF4B-00C04F79EFBC}") = "Momentum.Modules.Registrations.Domain", "Modules\Registrations\Momentum.Modules.Registrations.Domain\Momentum.Modules.Registrations.Domain.csproj", "{2CC74704-F771-4700-BDF5-1D295C5077B3}"
EndProject
Project("{FAE04EC0-301F-11D3-BF4B-00C04F79EFBC}") = "Momentum.Modules.Registrations.Application", "Modules\Registrations\Momentum.Modules.Registrations.Application\Momentum.Modules.Registrations.Application.csproj", "{9E55A0E1-49A6-4FB0-B346-466E6A9B02BA}"
EndProject
Project("{FAE04EC0-301F-11D3-BF4B-00C04F79EFBC}") = "Momentum.Modules.Registrations.Infrastructure", "Modules\Registrations\Momentum.Modules.Registrations.Infrastructure\Momentum.Modules.Registrations.Infrastructure.csproj", "{9688725E-8BBF-4A02-ABEC-A609A65ABA0D}"
EndProject
Project("{FAE04EC0-301F-11D3-BF4B-00C04F79EFBC}") = "Momentum.Modules.Registrations.IntegrationEvents", "Modules\Registrations\Momentum.Modules.Registrations.IntegrationEvents\Momentum.Modules.Registrations.IntegrationEvents.csproj", "{5A0337A5-EBDC-4F6C-AD9A-EE9DB10AA968}"
EndProject
Global
	GlobalSection(SolutionConfigurationPlatforms) = preSolution
		Debug|Any CPU = Debug|Any CPU
		Debug|x64 = Debug|x64
		Debug|x86 = Debug|x86
		Release|Any CPU = Release|Any CPU
		Release|x64 = Release|x64
		Release|x86 = Release|x86
	EndGlobalSection
	GlobalSection(ProjectConfigurationPlatforms) = postSolution
		{F034C09E-4458-4CA3-A136-09F7128AD784}.Debug|Any CPU.ActiveCfg = Debug|Any CPU
		{F034C09E-4458-4CA3-A136-09F7128AD784}.Debug|Any CPU.Build.0 = Debug|Any CPU
		{F034C09E-4458-4CA3-A136-09F7128AD784}.Debug|x64.ActiveCfg = Debug|Any CPU
		{F034C09E-4458-4CA3-A136-09F7128AD784}.Debug|x64.Build.0 = Debug|Any CPU
		{F034C09E-4458-4CA3-A136-09F7128AD784}.Debug|x86.ActiveCfg = Debug|Any CPU
		{F034C09E-4458-4CA3-A136-09F7128AD784}.Debug|x86.Build.0 = Debug|Any CPU
		{F034C09E-4458-4CA3-A136-09F7128AD784}.Release|Any CPU.ActiveCfg = Release|Any CPU
		{F034C09E-4458-4CA3-A136-09F7128AD784}.Release|Any CPU.Build.0 = Release|Any CPU
		{F034C09E-4458-4CA3-A136-09F7128AD784}.Release|x64.ActiveCfg = Release|Any CPU
		{F034C09E-4458-4CA3-A136-09F7128AD784}.Release|x64.Build.0 = Release|Any CPU
		{F034C09E-4458-4CA3-A136-09F7128AD784}.Release|x86.ActiveCfg = Release|Any CPU
		{F034C09E-4458-4CA3-A136-09F7128AD784}.Release|x86.Build.0 = Release|Any CPU
		{A94D8CD8-801A-41D8-9CAC-E89A5F1810D2}.Debug|Any CPU.ActiveCfg = Debug|Any CPU
		{A94D8CD8-801A-41D8-9CAC-E89A5F1810D2}.Debug|Any CPU.Build.0 = Debug|Any CPU
		{A94D8CD8-801A-41D8-9CAC-E89A5F1810D2}.Debug|x64.ActiveCfg = Debug|Any CPU
		{A94D8CD8-801A-41D8-9CAC-E89A5F1810D2}.Debug|x64.Build.0 = Debug|Any CPU
		{A94D8CD8-801A-41D8-9CAC-E89A5F1810D2}.Debug|x86.ActiveCfg = Debug|Any CPU
		{A94D8CD8-801A-41D8-9CAC-E89A5F1810D2}.Debug|x86.Build.0 = Debug|Any CPU
		{A94D8CD8-801A-41D8-9CAC-E89A5F1810D2}.Release|Any CPU.ActiveCfg = Release|Any CPU
		{A94D8CD8-801A-41D8-9CAC-E89A5F1810D2}.Release|Any CPU.Build.0 = Release|Any CPU
		{A94D8CD8-801A-41D8-9CAC-E89A5F1810D2}.Release|x64.ActiveCfg = Release|Any CPU
		{A94D8CD8-801A-41D8-9CAC-E89A5F1810D2}.Release|x64.Build.0 = Release|Any CPU
		{A94D8CD8-801A-41D8-9CAC-E89A5F1810D2}.Release|x86.ActiveCfg = Release|Any CPU
		{A94D8CD8-801A-41D8-9CAC-E89A5F1810D2}.Release|x86.Build.0 = Release|Any CPU
		{F0F0852E-04D5-47F7-8A1F-DEFE9B8B69CB}.Debug|Any CPU.ActiveCfg = Debug|Any CPU
		{F0F0852E-04D5-47F7-8A1F-DEFE9B8B69CB}.Debug|Any CPU.Build.0 = Debug|Any CPU
		{F0F0852E-04D5-47F7-8A1F-DEFE9B8B69CB}.Debug|x64.ActiveCfg = Debug|Any CPU
		{F0F0852E-04D5-47F7-8A1F-DEFE9B8B69CB}.Debug|x64.Build.0 = Debug|Any CPU
		{F0F0852E-04D5-47F7-8A1F-DEFE9B8B69CB}.Debug|x86.ActiveCfg = Debug|Any CPU
		{F0F0852E-04D5-47F7-8A1F-DEFE9B8B69CB}.Debug|x86.Build.0 = Debug|Any CPU
		{F0F0852E-04D5-47F7-8A1F-DEFE9B8B69CB}.Release|Any CPU.ActiveCfg = Release|Any CPU
		{F0F0852E-04D5-47F7-8A1F-DEFE9B8B69CB}.Release|Any CPU.Build.0 = Release|Any CPU
		{F0F0852E-04D5-47F7-8A1F-DEFE9B8B69CB}.Release|x64.ActiveCfg = Release|Any CPU
		{F0F0852E-04D5-47F7-8A1F-DEFE9B8B69CB}.Release|x64.Build.0 = Release|Any CPU
		{F0F0852E-04D5-47F7-8A1F-DEFE9B8B69CB}.Release|x86.ActiveCfg = Release|Any CPU
		{F0F0852E-04D5-47F7-8A1F-DEFE9B8B69CB}.Release|x86.Build.0 = Release|Any CPU
		{CD2E2091-8DA6-433A-A96F-B2BC62E2234A}.Debug|Any CPU.ActiveCfg = Debug|Any CPU
		{CD2E2091-8DA6-433A-A96F-B2BC62E2234A}.Debug|Any CPU.Build.0 = Debug|Any CPU
		{CD2E2091-8DA6-433A-A96F-B2BC62E2234A}.Debug|x64.ActiveCfg = Debug|Any CPU
		{CD2E2091-8DA6-433A-A96F-B2BC62E2234A}.Debug|x64.Build.0 = Debug|Any CPU
		{CD2E2091-8DA6-433A-A96F-B2BC62E2234A}.Debug|x86.ActiveCfg = Debug|Any CPU
		{CD2E2091-8DA6-433A-A96F-B2BC62E2234A}.Debug|x86.Build.0 = Debug|Any CPU
		{CD2E2091-8DA6-433A-A96F-B2BC62E2234A}.Release|Any CPU.ActiveCfg = Release|Any CPU
		{CD2E2091-8DA6-433A-A96F-B2BC62E2234A}.Release|Any CPU.Build.0 = Release|Any CPU
		{CD2E2091-8DA6-433A-A96F-B2BC62E2234A}.Release|x64.ActiveCfg = Release|Any CPU
		{CD2E2091-8DA6-433A-A96F-B2BC62E2234A}.Release|x64.Build.0 = Release|Any CPU
		{CD2E2091-8DA6-433A-A96F-B2BC62E2234A}.Release|x86.ActiveCfg = Release|Any CPU
		{CD2E2091-8DA6-433A-A96F-B2BC62E2234A}.Release|x86.Build.0 = Release|Any CPU
		{16EF69B8-15A8-4917-A250-800465E01EB1}.Debug|Any CPU.ActiveCfg = Debug|Any CPU
		{16EF69B8-15A8-4917-A250-800465E01EB1}.Debug|Any CPU.Build.0 = Debug|Any CPU
		{16EF69B8-15A8-4917-A250-800465E01EB1}.Debug|x64.ActiveCfg = Debug|Any CPU
		{16EF69B8-15A8-4917-A250-800465E01EB1}.Debug|x64.Build.0 = Debug|Any CPU
		{16EF69B8-15A8-4917-A250-800465E01EB1}.Debug|x86.ActiveCfg = Debug|Any CPU
		{16EF69B8-15A8-4917-A250-800465E01EB1}.Debug|x86.Build.0 = Debug|Any CPU
		{16EF69B8-15A8-4917-A250-800465E01EB1}.Release|Any CPU.ActiveCfg = Release|Any CPU
		{16EF69B8-15A8-4917-A250-800465E01EB1}.Release|Any CPU.Build.0 = Release|Any CPU
		{16EF69B8-15A8-4917-A250-800465E01EB1}.Release|x64.ActiveCfg = Release|Any CPU
		{16EF69B8-15A8-4917-A250-800465E01EB1}.Release|x64.Build.0 = Release|Any CPU
		{16EF69B8-15A8-4917-A250-800465E01EB1}.Release|x86.ActiveCfg = Release|Any CPU
		{16EF69B8-15A8-4917-A250-800465E01EB1}.Release|x86.Build.0 = Release|Any CPU
		{D8DAD9E4-0912-4E1C-B7F0-D3CA3AFC5383}.Debug|Any CPU.ActiveCfg = Debug|Any CPU
		{D8DAD9E4-0912-4E1C-B7F0-D3CA3AFC5383}.Debug|Any CPU.Build.0 = Debug|Any CPU
		{D8DAD9E4-0912-4E1C-B7F0-D3CA3AFC5383}.Debug|x64.ActiveCfg = Debug|Any CPU
		{D8DAD9E4-0912-4E1C-B7F0-D3CA3AFC5383}.Debug|x64.Build.0 = Debug|Any CPU
		{D8DAD9E4-0912-4E1C-B7F0-D3CA3AFC5383}.Debug|x86.ActiveCfg = Debug|Any CPU
		{D8DAD9E4-0912-4E1C-B7F0-D3CA3AFC5383}.Debug|x86.Build.0 = Debug|Any CPU
		{D8DAD9E4-0912-4E1C-B7F0-D3CA3AFC5383}.Release|Any CPU.ActiveCfg = Release|Any CPU
		{D8DAD9E4-0912-4E1C-B7F0-D3CA3AFC5383}.Release|Any CPU.Build.0 = Release|Any CPU
		{D8DAD9E4-0912-4E1C-B7F0-D3CA3AFC5383}.Release|x64.ActiveCfg = Release|Any CPU
		{D8DAD9E4-0912-4E1C-B7F0-D3CA3AFC5383}.Release|x64.Build.0 = Release|Any CPU
		{D8DAD9E4-0912-4E1C-B7F0-D3CA3AFC5383}.Release|x86.ActiveCfg = Release|Any CPU
		{D8DAD9E4-0912-4E1C-B7F0-D3CA3AFC5383}.Release|x86.Build.0 = Release|Any CPU
		{A198B097-B92B-40B9-AAF9-5388365D394D}.Debug|Any CPU.ActiveCfg = Debug|Any CPU
		{A198B097-B92B-40B9-AAF9-5388365D394D}.Debug|Any CPU.Build.0 = Debug|Any CPU
		{A198B097-B92B-40B9-AAF9-5388365D394D}.Debug|x64.ActiveCfg = Debug|Any CPU
		{A198B097-B92B-40B9-AAF9-5388365D394D}.Debug|x64.Build.0 = Debug|Any CPU
		{A198B097-B92B-40B9-AAF9-5388365D394D}.Debug|x86.ActiveCfg = Debug|Any CPU
		{A198B097-B92B-40B9-AAF9-5388365D394D}.Debug|x86.Build.0 = Debug|Any CPU
		{A198B097-B92B-40B9-AAF9-5388365D394D}.Release|Any CPU.ActiveCfg = Release|Any CPU
		{A198B097-B92B-40B9-AAF9-5388365D394D}.Release|Any CPU.Build.0 = Release|Any CPU
		{A198B097-B92B-40B9-AAF9-5388365D394D}.Release|x64.ActiveCfg = Release|Any CPU
		{A198B097-B92B-40B9-AAF9-5388365D394D}.Release|x64.Build.0 = Release|Any CPU
		{A198B097-B92B-40B9-AAF9-5388365D394D}.Release|x86.ActiveCfg = Release|Any CPU
		{A198B097-B92B-40B9-AAF9-5388365D394D}.Release|x86.Build.0 = Release|Any CPU
		{6BC93671-4278-4E9E-A512-BE1A9325E977}.Debug|Any CPU.ActiveCfg = Debug|Any CPU
		{6BC93671-4278-4E9E-A512-BE1A9325E977}.Debug|Any CPU.Build.0 = Debug|Any CPU
		{6BC93671-4278-4E9E-A512-BE1A9325E977}.Debug|x64.ActiveCfg = Debug|Any CPU
		{6BC93671-4278-4E9E-A512-BE1A9325E977}.Debug|x64.Build.0 = Debug|Any CPU
		{6BC93671-4278-4E9E-A512-BE1A9325E977}.Debug|x86.ActiveCfg = Debug|Any CPU
		{6BC93671-4278-4E9E-A512-BE1A9325E977}.Debug|x86.Build.0 = Debug|Any CPU
		{6BC93671-4278-4E9E-A512-BE1A9325E977}.Release|Any CPU.ActiveCfg = Release|Any CPU
		{6BC93671-4278-4E9E-A512-BE1A9325E977}.Release|Any CPU.Build.0 = Release|Any CPU
		{6BC93671-4278-4E9E-A512-BE1A9325E977}.Release|x64.ActiveCfg = Release|Any CPU
		{6BC93671-4278-4E9E-A512-BE1A9325E977}.Release|x64.Build.0 = Release|Any CPU
		{6BC93671-4278-4E9E-A512-BE1A9325E977}.Release|x86.ActiveCfg = Release|Any CPU
		{6BC93671-4278-4E9E-A512-BE1A9325E977}.Release|x86.Build.0 = Release|Any CPU
		{7296CF90-3F05-4728-AF72-362CB01CC061}.Debug|Any CPU.ActiveCfg = Debug|Any CPU
		{7296CF90-3F05-4728-AF72-362CB01CC061}.Debug|Any CPU.Build.0 = Debug|Any CPU
		{7296CF90-3F05-4728-AF72-362CB01CC061}.Debug|x64.ActiveCfg = Debug|Any CPU
		{7296CF90-3F05-4728-AF72-362CB01CC061}.Debug|x64.Build.0 = Debug|Any CPU
		{7296CF90-3F05-4728-AF72-362CB01CC061}.Debug|x86.ActiveCfg = Debug|Any CPU
		{7296CF90-3F05-4728-AF72-362CB01CC061}.Debug|x86.Build.0 = Debug|Any CPU
		{7296CF90-3F05-4728-AF72-362CB01CC061}.Release|Any CPU.ActiveCfg = Release|Any CPU
		{7296CF90-3F05-4728-AF72-362CB01CC061}.Release|Any CPU.Build.0 = Release|Any CPU
		{7296CF90-3F05-4728-AF72-362CB01CC061}.Release|x64.ActiveCfg = Release|Any CPU
		{7296CF90-3F05-4728-AF72-362CB01CC061}.Release|x64.Build.0 = Release|Any CPU
		{7296CF90-3F05-4728-AF72-362CB01CC061}.Release|x86.ActiveCfg = Release|Any CPU
		{7296CF90-3F05-4728-AF72-362CB01CC061}.Release|x86.Build.0 = Release|Any CPU
		{2CC74704-F771-4700-BDF5-1D295C5077B3}.Debug|Any CPU.ActiveCfg = Debug|Any CPU
		{2CC74704-F771-4700-BDF5-1D295C5077B3}.Debug|Any CPU.Build.0 = Debug|Any CPU
		{2CC74704-F771-4700-BDF5-1D295C5077B3}.Debug|x64.ActiveCfg = Debug|Any CPU
		{2CC74704-F771-4700-BDF5-1D295C5077B3}.Debug|x64.Build.0 = Debug|Any CPU
		{2CC74704-F771-4700-BDF5-1D295C5077B3}.Debug|x86.ActiveCfg = Debug|Any CPU
		{2CC74704-F771-4700-BDF5-1D295C5077B3}.Debug|x86.Build.0 = Debug|Any CPU
		{2CC74704-F771-4700-BDF5-1D295C5077B3}.Release|Any CPU.ActiveCfg = Release|Any CPU
		{2CC74704-F771-4700-BDF5-1D295C5077B3}.Release|Any CPU.Build.0 = Release|Any CPU
		{2CC74704-F771-4700-BDF5-1D295C5077B3}.Release|x64.ActiveCfg = Release|Any CPU
		{2CC74704-F771-4700-BDF5-1D295C5077B3}.Release|x64.Build.0 = Release|Any CPU
		{2CC74704-F771-4700-BDF5-1D295C5077B3}.Release|x86.ActiveCfg = Release|Any CPU
		{2CC74704-F771-4700-BDF5-1D295C5077B3}.Release|x86.Build.0 = Release|Any CPU
		{9E55A0E1-49A6-4FB0-B346-466E6A9B02BA}.Debug|Any CPU.ActiveCfg = Debug|Any CPU
		{9E55A0E1-49A6-4FB0-B346-466E6A9B02BA}.Debug|Any CPU.Build.0 = Debug|Any CPU
		{9E55A0E1-49A6-4FB0-B346-466E6A9B02BA}.Debug|x64.ActiveCfg = Debug|Any CPU
		{9E55A0E1-49A6-4FB0-B346-466E6A9B02BA}.Debug|x64.Build.0 = Debug|Any CPU
		{9E55A0E1-49A6-4FB0-B346-466E6A9B02BA}.Debug|x86.ActiveCfg = Debug|Any CPU
		{9E55A0E1-49A6-4FB0-B346-466E6A9B02BA}.Debug|x86.Build.0 = Debug|Any CPU
		{9E55A0E1-49A6-4FB0-B346-466E6A9B02BA}.Release|Any CPU.ActiveCfg = Release|Any CPU
		{9E55A0E1-49A6-4FB0-B346-466E6A9B02BA}.Release|Any CPU.Build.0 = Release|Any CPU
		{9E55A0E1-49A6-4FB0-B346-466E6A9B02BA}.Release|x64.ActiveCfg = Release|Any CPU
		{9E55A0E1-49A6-4FB0-B346-466E6A9B02BA}.Release|x64.Build.0 = Release|Any CPU
		{9E55A0E1-49A6-4FB0-B346-466E6A9B02BA}.Release|x86.ActiveCfg = Release|Any CPU
		{9E55A0E1-49A6-4FB0-B346-466E6A9B02BA}.Release|x86.Build.0 = Release|Any CPU
		{9688725E-8BBF-4A02-ABEC-A609A65ABA0D}.Debug|Any CPU.ActiveCfg = Debug|Any CPU
		{9688725E-8BBF-4A02-ABEC-A609A65ABA0D}.Debug|Any CPU.Build.0 = Debug|Any CPU
		{9688725E-8BBF-4A02-ABEC-A609A65ABA0D}.Debug|x64.ActiveCfg = Debug|Any CPU
		{9688725E-8BBF-4A02-ABEC-A609A65ABA0D}.Debug|x64.Build.0 = Debug|Any CPU
		{9688725E-8BBF-4A02-ABEC-A609A65ABA0D}.Debug|x86.ActiveCfg = Debug|Any CPU
		{9688725E-8BBF-4A02-ABEC-A609A65ABA0D}.Debug|x86.Build.0 = Debug|Any CPU
		{9688725E-8BBF-4A02-ABEC-A609A65ABA0D}.Release|Any CPU.ActiveCfg = Release|Any CPU
		{9688725E-8BBF-4A02-ABEC-A609A65ABA0D}.Release|Any CPU.Build.0 = Release|Any CPU
		{9688725E-8BBF-4A02-ABEC-A609A65ABA0D}.Release|x64.ActiveCfg = Release|Any CPU
		{9688725E-8BBF-4A02-ABEC-A609A65ABA0D}.Release|x64.Build.0 = Release|Any CPU
		{9688725E-8BBF-4A02-ABEC-A609A65ABA0D}.Release|x86.ActiveCfg = Release|Any CPU
		{9688725E-8BBF-4A02-ABEC-A609A65ABA0D}.Release|x86.Build.0 = Release|Any CPU
		{5A0337A5-EBDC-4F6C-AD9A-EE9DB10AA968}.Debug|Any CPU.ActiveCfg = Debug|Any CPU
		{5A0337A5-EBDC-4F6C-AD9A-EE9DB10AA968}.Debug|Any CPU.Build.0 = Debug|Any CPU
		{5A0337A5-EBDC-4F6C-AD9A-EE9DB10AA968}.Debug|x64.ActiveCfg = Debug|Any CPU
		{5A0337A5-EBDC-4F6C-AD9A-EE9DB10AA968}.Debug|x64.Build.0 = Debug|Any CPU
		{5A0337A5-EBDC-4F6C-AD9A-EE9DB10AA968}.Debug|x86.ActiveCfg = Debug|Any CPU
		{5A0337A5-EBDC-4F6C-AD9A-EE9DB10AA968}.Debug|x86.Build.0 = Debug|Any CPU
		{5A0337A5-EBDC-4F6C-AD9A-EE9DB10AA968}.Release|Any CPU.ActiveCfg = Release|Any CPU
		{5A0337A5-EBDC-4F6C-AD9A-EE9DB10AA968}.Release|Any CPU.Build.0 = Release|Any CPU
		{5A0337A5-EBDC-4F6C-AD9A-EE9DB10AA968}.Release|x64.ActiveCfg = Release|Any CPU
		{5A0337A5-EBDC-4F6C-AD9A-EE9DB10AA968}.Release|x64.Build.0 = Release|Any CPU
		{5A0337A5-EBDC-4F6C-AD9A-EE9DB10AA968}.Release|x86.ActiveCfg = Release|Any CPU
		{5A0337A5-EBDC-4F6C-AD9A-EE9DB10AA968}.Release|x86.Build.0 = Release|Any CPU
	EndGlobalSection
	GlobalSection(SolutionProperties) = preSolution
		HideSolutionNode = FALSE
	EndGlobalSection
	GlobalSection(NestedProjects) = preSolution
		{F034C09E-4458-4CA3-A136-09F7128AD784} = {02EA681E-C7D8-13C7-8484-4AC65E1B71E8}
		{A94D8CD8-801A-41D8-9CAC-E89A5F1810D2} = {60AE4CD5-030A-4D08-912A-FFF67D3C3BD9}
		{F0F0852E-04D5-47F7-8A1F-DEFE9B8B69CB} = {60AE4CD5-030A-4D08-912A-FFF67D3C3BD9}
		{CD2E2091-8DA6-433A-A96F-B2BC62E2234A} = {60AE4CD5-030A-4D08-912A-FFF67D3C3BD9}
		{0FDBCAF5-43F4-45EF-A06E-2A1ADB7E9860} = {4AA903EE-F8B1-458A-938D-421D947BD211}
		{35FD241F-BACA-483D-9AB2-9EAC5A1A1C07} = {4AA903EE-F8B1-458A-938D-421D947BD211}
		{D267B4CE-F33A-42FD-9158-EBF34069866D} = {4AA903EE-F8B1-458A-938D-421D947BD211}
		{2C4BCDED-3494-4031-ADB4-87ABF849637F} = {4AA903EE-F8B1-458A-938D-421D947BD211}
		{252F4B2E-172F-4430-ADA8-DF827213DEC9} = {4AA903EE-F8B1-458A-938D-421D947BD211}
		{3AD137B3-F21F-4DEF-A577-B9A3D6B67C51} = {4AA903EE-F8B1-458A-938D-421D947BD211}
		{4048AFB7-17A4-429A-926B-4882EB348D77} = {4AA903EE-F8B1-458A-938D-421D947BD211}
		{7091596A-2801-4966-BC5C-4875AB293903} = {4AA903EE-F8B1-458A-938D-421D947BD211}
		{2CCDA27B-71FD-42D5-B03A-7314AA1D504E} = {4AA903EE-F8B1-458A-938D-421D947BD211}
		{3A6BFD52-0CBF-4232-9652-CED7E82A8FB3} = {60AE4CD5-030A-4D08-912A-FFF67D3C3BD9}
		{16EF69B8-15A8-4917-A250-800465E01EB1} = {3A6BFD52-0CBF-4232-9652-CED7E82A8FB3}
		{D8DAD9E4-0912-4E1C-B7F0-D3CA3AFC5383} = {252F4B2E-172F-4430-ADA8-DF827213DEC9}
		{A198B097-B92B-40B9-AAF9-5388365D394D} = {252F4B2E-172F-4430-ADA8-DF827213DEC9}
		{6BC93671-4278-4E9E-A512-BE1A9325E977} = {252F4B2E-172F-4430-ADA8-DF827213DEC9}
		{7296CF90-3F05-4728-AF72-362CB01CC061} = {252F4B2E-172F-4430-ADA8-DF827213DEC9}
		{D7D3DF9B-E2A8-4A8B-BB05-6D05A5380E8B} = {4AA903EE-F8B1-458A-938D-421D947BD211}
		{2CC74704-F771-4700-BDF5-1D295C5077B3} = {D7D3DF9B-E2A8-4A8B-BB05-6D05A5380E8B}
		{9E55A0E1-49A6-4FB0-B346-466E6A9B02BA} = {D7D3DF9B-E2A8-4A8B-BB05-6D05A5380E8B}
		{9688725E-8BBF-4A02-ABEC-A609A65ABA0D} = {D7D3DF9B-E2A8-4A8B-BB05-6D05A5380E8B}
		{5A0337A5-EBDC-4F6C-AD9A-EE9DB10AA968} = {D7D3DF9B-E2A8-4A8B-BB05-6D05A5380E8B}
	EndGlobalSection
	GlobalSection(ExtensibilityGlobals) = postSolution
		SolutionGuid = {C5318EA6-A947-4038-9873-F196884347FD}
	EndGlobalSection
EndGlobal
